
Microsoft Visual Studio Solution File, Format Version 12.00
# Visual Studio Version 16
VisualStudioVersion = 16.0.31624.102
MinimumVisualStudioVersion = 10.0.40219.1
Project("{FAE04EC0-301F-11D3-BF4B-00C04F79EFBC}") = "FirstMVC", "FirstMVC\FirstMVC.csproj", "{5B301679-B8C0-484E-877D-3F7AFC0F5F2B}"
EndProject
Global
	GlobalSection(SolutionConfigurationPlatforms) = preSolution
		Debug|Any CPU = Debug|Any CPU
		Release|Any CPU = Release|Any CPU
	EndGlobalSection
	GlobalSection(ProjectConfigurationPlatforms) = postSolution
		{5B301679-B8C0-484E-877D-3F7AFC0F5F2B}.Debug|Any CPU.ActiveCfg = Debug|Any CPU
		{5B301679-B8C0-484E-877D-3F7AFC0F5F2B}.Debug|Any CPU.Build.0 = Debug|Any CPU
		{5B301679-B8C0-484E-877D-3F7AFC0F5F2B}.Release|Any CPU.ActiveCfg = Release|Any CPU
		{5B301679-B8C0-484E-877D-3F7AFC0F5F2B}.Release|Any CPU.Build.0 = Release|Any CPU
	EndGlobalSection
	GlobalSection(SolutionProperties) = preSolution
		HideSolutionNode = FALSE
	EndGlobalSection
	GlobalSection(ExtensibilityGlobals) = postSolution
		SolutionGuid = {94E82B09-F953-4059-B990-698BBB34A1A8}
	EndGlobalSection
EndGlobal
